{
  "name": "life-optimizer-dashboard-tools",
  "lockfileVersion": 3,
  "requires": true,
  "packages": {
    "": {
      "name": "life-optimizer-dashboard-tools",
      "dependencies": {
        "fitdays-api": "1.0.3"
      },
      "engines": {
        "node": ">=22.0.0"
      }
    },
    "node_modules/fitdays-api": {
      "version": "1.0.3",
      "resolved": "https://registry.npmjs.org/fitdays-api/-/fitdays-api-1.0.3.tgz",
      "integrity": "sha512-oNOlMU52BbKIzJXCl7Wuma4HmPb8aXKMx19l/wqXIaoNiC6gf/p1dte2o0uo6ItRqBb9NSlkARsfXZyMRa3l+Q==",
      "license": "MIT",
      "engines": {
        "node": ">=22.0.0"
      }
    }
  }
}
